#
# This file is autogenerated by pip-compile with Python 3.12
# by the following command:
#
#    pip-compile --extra=dev --no-emit-index-url --output-file=requirements-dev.lock --strip-extras pyproject.toml
#
annotated-doc==0.0.4
    # via fastapi
annotated-types==0.7.0
    # via pydantic
anyio==4.14.2
    # via
    #   httpx
    #   starlette
ast-serialize==0.6.0
    # via mypy
boolean-py==5.0
    # via license-expression
cachecontrol==0.14.4
    # via
    #   cachecontrol
    #   pip-audit
cachetools==7.1.6
    # via pymilvus
certifi==2026.6.17
    # via
    #   elastic-transport
    #   httpcore
    #   httpx
    #   requests
charset-normalizer==3.4.9
    # via requests
click==8.4.2
    # via uvicorn
colorama==0.4.6
    # via
    #   click
    #   pytest
coverage==7.15.2
    # via pytest-cov
cyclonedx-python-lib==11.11.0
    # via pip-audit
defusedxml==0.7.1
    # via py-serializable
elastic-transport==8.19.0
    # via elasticsearch
elasticsearch==8.19.3
    # via openeip-engine (pyproject.toml)
et-xmlfile==2.0.0
    # via openpyxl
fastapi==0.139.2
    # via openeip-engine (pyproject.toml)
filelock==3.31.1
    # via cachecontrol
grpcio==1.83.0
    # via pymilvus
h11==0.16.0
    # via
    #   httpcore
    #   uvicorn
httpcore==1.0.9
    # via httpx
httpx==0.28.1
    # via openeip-engine (pyproject.toml)
idna==3.18
    # via
    #   anyio
    #   httpx
    #   requests
iniconfig==2.3.0
    # via pytest
librt==0.13.0
    # via mypy
license-expression==30.4.4
    # via cyclonedx-python-lib
lxml==6.1.1
    # via
    #   python-docx
    #   python-pptx
markdown-it-py==4.2.0
    # via rich
mdurl==0.1.2
    # via markdown-it-py
msgpack==1.2.1
    # via cachecontrol
mypy==2.3.0
    # via openeip-engine (pyproject.toml)
mypy-extensions==1.1.0
    # via mypy
numpy==2.5.1
    # via pandas
openpyxl==3.1.5
    # via openeip-engine (pyproject.toml)
orjson==3.11.9
    # via pymilvus
packageurl-python==0.17.6
    # via cyclonedx-python-lib
packaging==26.2
    # via
    #   pip-audit
    #   pip-requirements-parser
    #   pytest
pandas==3.0.5
    # via pymilvus
pathspec==1.1.1
    # via mypy
pillow==12.3.0
    # via
    #   openeip-engine (pyproject.toml)
    #   python-pptx
pip-api==0.0.34
    # via pip-audit
pip-audit==2.10.1
    # via openeip-engine (pyproject.toml)
pip-requirements-parser==32.0.1
    # via pip-audit
platformdirs==4.10.1
    # via pip-audit
pluggy==1.6.0
    # via
    #   pytest
    #   pytest-cov
protobuf==7.35.1
    # via pymilvus
py-serializable==2.1.0
    # via cyclonedx-python-lib
pydantic==2.13.4
    # via
    #   fastapi
    #   openeip-engine (pyproject.toml)
    #   pydantic-settings
pydantic-core==2.46.4
    # via pydantic
pydantic-settings==2.14.2
    # via openeip-engine (pyproject.toml)
pygments==2.20.0
    # via
    #   pytest
    #   rich
pymilvus==2.6.17
    # via openeip-engine (pyproject.toml)
pymupdf==1.28.0
    # via openeip-engine (pyproject.toml)
pyparsing==3.3.2
    # via pip-requirements-parser
pytest==9.1.1
    # via
    #   openeip-engine (pyproject.toml)
    #   pytest-asyncio
    #   pytest-cov
pytest-asyncio==1.4.0
    # via openeip-engine (pyproject.toml)
pytest-cov==7.1.0
    # via openeip-engine (pyproject.toml)
python-dateutil==2.9.0.post0
    # via
    #   elasticsearch
    #   pandas
python-docx==1.2.0
    # via openeip-engine (pyproject.toml)
python-dotenv==1.2.2
    # via
    #   pydantic-settings
    #   pymilvus
python-pptx==1.0.2
    # via openeip-engine (pyproject.toml)
requests==2.34.2
    # via
    #   cachecontrol
    #   pip-audit
    #   pymilvus
rich==15.0.0
    # via pip-audit
ruff==0.15.22
    # via openeip-engine (pyproject.toml)
six==1.17.0
    # via python-dateutil
sortedcontainers==2.4.0
    # via cyclonedx-python-lib
starlette==1.3.1
    # via fastapi
tomli==2.4.1
    # via pip-audit
tomli-w==1.2.0
    # via pip-audit
typing-extensions==4.16.0
    # via
    #   anyio
    #   cyclonedx-python-lib
    #   elasticsearch
    #   fastapi
    #   grpcio
    #   mypy
    #   pydantic
    #   pydantic-core
    #   pytest-asyncio
    #   python-docx
    #   python-pptx
    #   starlette
    #   typing-inspection
typing-inspection==0.4.2
    # via
    #   fastapi
    #   pydantic
    #   pydantic-settings
tzdata==2026.3
    # via pandas
urllib3==2.7.0
    # via
    #   elastic-transport
    #   requests
uvicorn==0.51.0
    # via openeip-engine (pyproject.toml)
xlsxwriter==3.2.9
    # via python-pptx

# The following packages are considered to be unsafe in a requirements file:
# pip
